
Microsoft Visual Studio Solution File, Format Version 12.00
# Visual Studio Version 17
VisualStudioVersion = 17.2.32630.192
MinimumVisualStudioVersion = 10.0.40219.1
Project("{FAE04EC0-301F-11D3-BF4B-00C04F79EFBC}") = "battleships", "battleships\battleships.csproj", "{B9C7FD0A-DBC7-4447-A09F-610165003FA7}"
EndProject
Global
	GlobalSection(SolutionConfigurationPlatforms) = preSolution
		Debug|Any CPU = Debug|Any CPU
		Release|Any CPU = Release|Any CPU
	EndGlobalSection
	GlobalSection(ProjectConfigurationPlatforms) = postSolution
		{B9C7FD0A-DBC7-4447-A09F-610165003FA7}.Debug|Any CPU.ActiveCfg = Debug|Any CPU
		{B9C7FD0A-DBC7-4447-A09F-610165003FA7}.Debug|Any CPU.Build.0 = Debug|Any CPU
		{B9C7FD0A-DBC7-4447-A09F-610165003FA7}.Release|Any CPU.ActiveCfg = Release|Any CPU
		{B9C7FD0A-DBC7-4447-A09F-610165003FA7}.Release|Any CPU.Build.0 = Release|Any CPU
	EndGlobalSection
	GlobalSection(SolutionProperties) = preSolution
		HideSolutionNode = FALSE
	EndGlobalSection
	GlobalSection(ExtensibilityGlobals) = postSolution
		SolutionGuid = {5FC59873-8CA6-41E3-9DEA-90678034A7D7}
	EndGlobalSection
EndGlobal
